
Microsoft Visual Studio Solution File, Format Version 12.00
# Visual Studio 15
VisualStudioVersion = 15.0.28307.168
MinimumVisualStudioVersion = 10.0.40219.1
Project("{FAE04EC0-301F-11D3-BF4B-00C04F79EFBC}") = "Homework2CG", "Homework2CG\Homework2CG.csproj", "{28965128-585F-4D08-AA7D-89593DCAA0E3}"
EndProject
Project("{FAE04EC0-301F-11D3-BF4B-00C04F79EFBC}") = "StringExample", "ClassLibrary1\StringExample.csproj", "{D59064CC-2D78-47AC-9B20-C3F65541A4C7}"
EndProject
Global
	GlobalSection(SolutionConfigurationPlatforms) = preSolution
		Debug|Any CPU = Debug|Any CPU
		Release|Any CPU = Release|Any CPU
	EndGlobalSection
	GlobalSection(ProjectConfigurationPlatforms) = postSolution
		{28965128-585F-4D08-AA7D-89593DCAA0E3}.Debug|Any CPU.ActiveCfg = Debug|Any CPU
		{28965128-585F-4D08-AA7D-89593DCAA0E3}.Debug|Any CPU.Build.0 = Debug|Any CPU
		{28965128-585F-4D08-AA7D-89593DCAA0E3}.Release|Any CPU.ActiveCfg = Release|Any CPU
		{28965128-585F-4D08-AA7D-89593DCAA0E3}.Release|Any CPU.Build.0 = Release|Any CPU
		{D59064CC-2D78-47AC-9B20-C3F65541A4C7}.Debug|Any CPU.ActiveCfg = Debug|Any CPU
		{D59064CC-2D78-47AC-9B20-C3F65541A4C7}.Debug|Any CPU.Build.0 = Debug|Any CPU
		{D59064CC-2D78-47AC-9B20-C3F65541A4C7}.Release|Any CPU.ActiveCfg = Release|Any CPU
		{D59064CC-2D78-47AC-9B20-C3F65541A4C7}.Release|Any CPU.Build.0 = Release|Any CPU
	EndGlobalSection
	GlobalSection(SolutionProperties) = preSolution
		HideSolutionNode = FALSE
	EndGlobalSection
	GlobalSection(ExtensibilityGlobals) = postSolution
		SolutionGuid = {C25B3847-495E-432D-BC2D-9E9127B7E150}
	EndGlobalSection
EndGlobal
